{"version":4,"terraform_version":"1.11.6","serial":6,"lineage":"85cf3cef-1410-92ed-8a03-605d99fe917f","outputs":{"backend_namespace":{"value":"team-daniel-backend-dev","type":"string"},"redis_host":{"value":"redis.team-daniel-backend-dev.svc.cluster.local","type":"string"},"redis_image":{"value":"redis:7-alpine","type":"string"},"redis_port":{"value":6379,"type":"number"},"redis_url":{"value":"redis://redis.team-daniel-backend-dev.svc.cluster.local:6379","type":"string"}},"resources":[{"mode":"managed","type":"kubernetes_deployment","name":"redis","provider":"provider[\"registry.opentofu.org/hashicorp/kubernetes\"]","instances":[{"schema_version":1,"attributes":{"id":"team-daniel-backend-dev/redis","metadata":[{"annotations":{},"generate_name":"","generation":1,"labels":{"app":"redis","app.kubernetes.io/managed-by":"terraform","app.kubernetes.io/part-of":"team-daniel","kargo.akuity.io/stage":"dev"},"name":"redis","namespace":"team-daniel-backend-dev","resource_version":"1158","uid":"42ce865c-97af-4e20-a673-ca266a66ba67"}],"spec":[{"min_ready_seconds":0,"paused":false,"progress_deadline_seconds":600,"replicas":"1","revision_history_limit":10,"selector":[{"match_expressions":[],"match_labels":{"app":"redis"}}],"strategy":[{"rolling_update":[{"max_surge":"25%","max_unavailable":"25%"}],"type":"RollingUpdate"}],"template":[{"metadata":[{"annotations":{},"generate_name":"","generation":0,"labels":{"app":"redis","app.kubernetes.io/managed-by":"terraform","app.kubernetes.io/part-of":"team-daniel","kargo.akuity.io/stage":"dev"},"name":"","namespace":"","resource_version":"","uid":""}],"spec":[{"active_deadline_seconds":0,"affinity":[],"automount_service_account_token":true,"container":[{"args":[],"command":[],"env":[],"env_from":[],"image":"redis:7-alpine","image_pull_policy":"IfNotPresent","lifecycle":[],"liveness_probe":[],"name":"redis","port":[{"container_port":6379,"host_ip":"","host_port":0,"name":"","protocol":"TCP"}],"readiness_probe":[],"resources":[{"limits":{"memory":"64Mi"},"requests":{"cpu":"10m","memory":"32Mi"}}],"security_context":[],"startup_probe":[],"stdin":false,"stdin_once":false,"termination_message_path":"/dev/termination-log","termination_message_policy":"File","tty":false,"volume_device":[],"volume_mount":[],"working_dir":""}],"dns_config":[],"dns_policy":"ClusterFirst","enable_service_links":true,"host_aliases":[],"host_ipc":false,"host_network":false,"host_pid":false,"hostname":"","image_pull_secrets":[],"init_container":[],"node_name":"","node_selector":{},"os":[],"priority_class_name":"","readiness_gate":[],"restart_policy":"Always","runtime_class_name":"","scheduler_name":"default-scheduler","security_context":[],"service_account_name":"","share_process_namespace":false,"subdomain":"","termination_grace_period_seconds":30,"toleration":[],"topology_spread_constraint":[],"volume":[]}]}]}],"timeouts":null,"wait_for_rollout":true},"sensitive_attributes":[],"private":"eyJlMmJmYjczMC1lY2FhLTExZTYtOGY4OC0zNDM2M2JjN2M0YzAiOnsiY3JlYXRlIjo2MDAwMDAwMDAwMDAsImRlbGV0ZSI6NjAwMDAwMDAwMDAwLCJ1cGRhdGUiOjYwMDAwMDAwMDAwMH0sInNjaGVtYV92ZXJzaW9uIjoiMSJ9","dependencies":["kubernetes_namespace.backend"]}]},{"mode":"managed","type":"kubernetes_namespace","name":"backend","provider":"provider[\"registry.opentofu.org/hashicorp/kubernetes\"]","instances":[{"schema_version":0,"attributes":{"id":"team-daniel-backend-dev","metadata":[{"annotations":{},"generate_name":"","generation":0,"labels":{"app.kubernetes.io/managed-by":"terraform"},"name":"team-daniel-backend-dev","resource_version":"1128","uid":"562ecd27-cee0-4a3a-95e3-59fd20213d91"}],"timeouts":null,"wait_for_default_service_account":false},"sensitive_attributes":[],"private":"eyJlMmJmYjczMC1lY2FhLTExZTYtOGY4OC0zNDM2M2JjN2M0YzAiOnsiZGVsZXRlIjozMDAwMDAwMDAwMDB9fQ=="}]},{"mode":"managed","type":"kubernetes_service","name":"redis","provider":"provider[\"registry.opentofu.org/hashicorp/kubernetes\"]","instances":[{"schema_version":1,"attributes":{"id":"team-daniel-backend-dev/redis","metadata":[{"annotations":{},"generate_name":"","generation":0,"labels":{"app":"redis","app.kubernetes.io/managed-by":"terraform","app.kubernetes.io/part-of":"team-daniel","kargo.akuity.io/stage":"dev"},"name":"redis","namespace":"team-daniel-backend-dev","resource_version":"1132","uid":"7648f8a7-ae54-4347-8ba9-9d33673ea160"}],"spec":[{"allocate_load_balancer_node_ports":true,"cluster_ip":"10.43.58.135","cluster_ips":["10.43.58.135"],"external_ips":[],"external_name":"","external_traffic_policy":"","health_check_node_port":0,"internal_traffic_policy":"Cluster","ip_families":["IPv4"],"ip_family_policy":"SingleStack","load_balancer_class":"","load_balancer_ip":"","load_balancer_source_ranges":[],"port":[{"app_protocol":"","name":"redis","node_port":0,"port":6379,"protocol":"TCP","target_port":"6379"}],"publish_not_ready_addresses":false,"selector":{"app":"redis"},"session_affinity":"None","session_affinity_config":[],"type":"ClusterIP"}],"status":[{"load_balancer":[{"ingress":[]}]}],"timeouts":null,"wait_for_load_balancer":true},"sensitive_attributes":[],"private":"eyJlMmJmYjczMC1lY2FhLTExZTYtOGY4OC0zNDM2M2JjN2M0YzAiOnsiY3JlYXRlIjo2MDAwMDAwMDAwMDB9LCJzY2hlbWFfdmVyc2lvbiI6IjEifQ==","dependencies":["kubernetes_namespace.backend"]}]}],"check_results":null}
